// !$*UTF8*$!
{
	archiveVersion = 1;
	classes = {
	};
	objectVersion = 46;
	objects = {

/* Begin PBXBuildFile section */
		1D0084CA1F7A653E0029038F /* AppDelegate.swift in Sources */ = {isa = PBXBuildFile; fileRef = 1D0084C91F7A653E0029038F /* AppDelegate.swift */; };
		1D0084CC1F7A653E0029038F /* RecordSoundViewController.swift in Sources */ = {isa = PBXBuildFile; fileRef = 1D0084CB1F7A653E0029038F /* RecordSoundViewController.swift */; };
		1D0084CF1F7A653E0029038F /* Main.storyboard in Resources */ = {isa = PBXBuildFile; fileRef = 1D0084CD1F7A653E0029038F /* Main.storyboard */; };
		1D0084D11F7A653E0029038F /* Assets.xcassets in Resources */ = {isa = PBXBuildFile; fileRef = 1D0084D01F7A653E0029038F /* Assets.xcassets */; };
		1D0084D41F7A653E0029038F /* LaunchScreen.storyboard in Resources */ = {isa = PBXBuildFile; fileRef = 1D0084D21F7A653E0029038F /* LaunchScreen.storyboard */; };
		1D65AB121F935B4F00B2040D /* PlaySoundViewController.swift in Sources */ = {isa = PBXBuildFile; fileRef = 1D65AB111F935B4F00B2040D /* PlaySoundViewController.swift */; };
		1D65AB181F93BF7000B2040D /* playsoundsviewcontroller-audio.swift in Sources */ = {isa = PBXBuildFile; fileRef = 1D65AB171F93BF7000B2040D /* playsoundsviewcontroller-audio.swift */; };
/* End PBXBuildFile section */

/* Begin PBXFileReference section */
		1D0084C61F7A653E0029038F /* PitchPerfect.app */ = {isa = PBXFileReference; explicitFileType = wrapper.application; includeInIndex = 0; path = PitchPerfect.app; sourceTree = BUILT_PRODUCTS_DIR; };
		1D0084C91F7A653E0029038F /* AppDelegate.swift */ = {isa = PBXFileReference; lastKnownFileType = sourcecode.swift; path = AppDelegate.swift; sourceTree = "<group>"; };
		1D0084CB1F7A653E0029038F /* RecordSoundViewController.swift */ = {isa = PBXFileReference; lastKnownFileType = sourcecode.swift; path = RecordSoundViewController.swift; sourceTree = "<group>"; };
		1D0084CE1F7A653E0029038F /* Base */ = {isa = PBXFileReference; lastKnownFileType = file.storyboard; name = Base; path = Base.lproj/Main.storyboard; sourceTree = "<group>"; };
		1D0084D01F7A653E0029038F /* Assets.xcassets */ = {isa = PBXFileReference; lastKnownFileType = folder.assetcatalog; path = Assets.xcassets; sourceTree = "<group>"; };
		1D0084D31F7A653E0029038F /* Base */ = {isa = PBXFileReference; lastKnownFileType = file.storyboard; name = Base; path = Base.lproj/LaunchScreen.storyboard; sourceTree = "<group>"; };
		1D0084D51F7A653E0029038F /* Info.plist */ = {isa = PBXFileReference; lastKnownFileType = text.plist.xml; path = Info.plist; sourceTree = "<group>"; };
		1D65AB111F935B4F00B2040D /* PlaySoundViewController.swift */ = {isa = PBXFileReference; fileEncoding = 4; lastKnownFileType = sourcecode.swift; path = PlaySoundViewController.swift; sourceTree = "<group>"; };
		1D65AB171F93BF7000B2040D /* playsoundsviewcontroller-audio.swift */ = {isa = PBXFileReference; fileEncoding = 4; lastKnownFileType = sourcecode.swift; path = "playsoundsviewcontroller-audio.swift"; sourceTree = "<group>"; };
/* End PBXFileReference section */

/* Begin PBXFrameworksBuildPhase section */
		1D0084C31F7A653E0029038F /* Frameworks */ = {
			isa = PBXFrameworksBuildPhase;
			buildActionMask = 2147483647;
			files = (
			);
			runOnlyForDeploymentPostprocessing = 0;
		};
/* End PBXFrameworksBuildPhase section */

/* Begin PBXGroup section */
		1D0084BD1F7A653E0029038F = {
			isa = PBXGroup;
			children = (
				1D0084C81F7A653E0029038F /* PitchPerfect */,
				1D0084C71F7A653E0029038F /* Products */,
			);
			sourceTree = "<group>";
		};
		1D0084C71F7A653E0029038F /* Products */ = {
			isa = PBXGroup;
			children = (
				1D0084C61F7A653E0029038F /* PitchPerfect.app */,
			);
			name = Products;
			sourceTree = "<group>";
		};
		1D0084C81F7A653E0029038F /* PitchPerfect */ = {
			isa = PBXGroup;
			children = (
				1D0084C91F7A653E0029038F /* AppDelegate.swift */,
				1D0084CB1F7A653E0029038F /* RecordSoundViewController.swift */,
				1D0084CD1F7A653E0029038F /* Main.storyboard */,
				1D0084D01F7A653E0029038F /* Assets.xcassets */,
				1D0084D21F7A653E0029038F /* LaunchScreen.storyboard */,
				1D0084D51F7A653E0029038F /* Info.plist */,
				1D65AB111F935B4F00B2040D /* PlaySoundViewController.swift */,
				1D65AB171F93BF7000B2040D /* playsoundsviewcontroller-audio.swift */,
			);
			path = PitchPerfect;
			sourceTree = "<group>";
		};
/* End PBXGroup section */

/* Begin PBXNativeTarget section */
		1D0084C51F7A653E0029038F /* PitchPerfect */ = {
			isa = PBXNativeTarget;
			buildConfigurationList = 1D0084D81F7A653E0029038F /* Build configuration list for PBXNativeTarget "PitchPerfect" */;
			buildPhases = (
				1D0084C21F7A653E0029038F /* Sources */,
				1D0084C31F7A653E0029038F /* Frameworks */,
				1D0084C41F7A653E0029038F /* Resources */,
			);
			buildRules = (
			);
			dependencies = (
			);
			name = PitchPerfect;
			productName = PitchPerfect;
			productReference = 1D0084C61F7A653E0029038F /* PitchPerfect.app */;
			productType = "com.apple.product-type.application";
		};
/* End PBXNativeTarget section */

/* Begin PBXProject section */
		1D0084BE1F7A653E0029038F /* Project object */ = {
			isa = PBXProject;
			attributes = {
				LastSwiftUpdateCheck = 0830;
				LastUpgradeCheck = 0830;
				ORGANIZATIONNAME = Cloudouse;
				TargetAttributes = {
					1D0084C51F7A653E0029038F = {
						CreatedOnToolsVersion = 8.3.2;
						ProvisioningStyle = Automatic;
					};
				};
			};
			buildConfigurationList = 1D0084C11F7A653E0029038F /* Build configuration list for PBXProject "PitchPerfect" */;
			compatibilityVersion = "Xcode 3.2";
			developmentRegion = English;
			hasScannedForEncodings = 0;
			knownRegions = (
				en,
				Base,
			);
			mainGroup = 1D0084BD1F7A653E0029038F;
			productRefGroup = 1D0084C71F7A653E0029038F /* Products */;
			projectDirPath = "";
			projectRoot = "";
			targets = (
				1D0084C51F7A653E0029038F /* PitchPerfect */,
			);
		};
/* End PBXProject section */

/* Begin PBXResourcesBuildPhase section */
		1D0084C41F7A653E0029038F /* Resources */ = {
			isa = PBXResourcesBuildPhase;
			buildActionMask = 2147483647;
			files = (
				1D0084D41F7A653E0029038F /* LaunchScreen.storyboard in Resources */,
				1D0084D11F7A653E0029038F /* Assets.xcassets in Resources */,
				1D0084CF1F7A653E0029038F /* Main.storyboard in Resources */,
			);
			runOnlyForDeploymentPostprocessing = 0;
		};
/* End PBXResourcesBuildPhase section */

/* Begin PBXSourcesBuildPhase section */
		1D0084C21F7A653E0029038F /* Sources */ = {
			isa = PBXSourcesBuildPhase;
			buildActionMask = 2147483647;
			files = (
				1D0084CC1F7A653E0029038F /* RecordSoundViewController.swift in Sources */,
				1D65AB121F935B4F00B2040D /* PlaySoundViewController.swift in Sources */,
				1D0084CA1F7A653E0029038F /* AppDelegate.swift in Sources */,
				1D65AB181F93BF7000B2040D /* playsoundsviewcontroller-audio.swift in Sources */,
			);
			runOnlyForDeploymentPostprocessing = 0;
		};
/* End PBXSourcesBuildPhase section */

/* Begin PBXVariantGroup section */
		1D0084CD1F7A653E0029038F /* Main.storyboard */ = {
			isa = PBXVariantGroup;
			children = (
				1D0084CE1F7A653E0029038F /* Base */,
			);
			name = Main.storyboard;
			sourceTree = "<group>";
		};
		1D0084D21F7A653E0029038F /* LaunchScreen.storyboard */ = {
			isa = PBXVariantGroup;
			children = (
				1D0084D31F7A653E0029038F /* Base */,
			);
			name = LaunchScreen.storyboard;
			sourceTree = "<group>";
		};
/* End PBXVariantGroup section */

/* Begin XCBuildConfiguration section */
		1D0084D61F7A653E0029038F /* Debug */ = {
			isa = XCBuildConfiguration;
			buildSettings = {
				ALWAYS_SEARCH_USER_PATHS = NO;
				CLANG_ANALYZER_NONNULL = YES;
				CLANG_ANALYZER_NUMBER_OBJECT_CONVERSION = YES_AGGRESSIVE;
				CLANG_CXX_LANGUAGE_STANDARD = "gnu++0x";
				CLANG_CXX_LIBRARY = "libc++";
				CLANG_ENABLE_MODULES = YES;
				CLANG_ENABLE_OBJC_ARC = YES;
				CLANG_WARN_BOOL_CONVERSION = YES;
				CLANG_WARN_CONSTANT_CONVERSION = YES;
				CLANG_WARN_DIRECT_OBJC_ISA_USAGE = YES_ERROR;
				CLANG_WARN_DOCUMENTATION_COMMENTS = YES;
				CLANG_WARN_EMPTY_BODY = YES;
				CLANG_WARN_ENUM_CONVERSION = YES;
				CLANG_WARN_INFINITE_RECURSION = YES;
				CLANG_WARN_INT_CONVERSION = YES;
				CLANG_WARN_OBJC_ROOT_CLASS = YES_ERROR;
				CLANG_WARN_SUSPICIOUS_MOVE = YES;
				CLANG_WARN_UNREACHABLE_CODE = YES;
				CLANG_WARN__DUPLICATE_METHOD_MATCH = YES;
				"CODE_SIGN_IDENTITY[sdk=iphoneos*]" = "iPhone Developer";
				COPY_PHASE_STRIP = NO;
				DEBUG_INFORMATION_FORMAT = dwarf;
				ENABLE_STRICT_OBJC_MSGSEND = YES;
				ENABLE_TESTABILITY = YES;
				GCC_C_LANGUAGE_STANDARD = gnu99;
				GCC_DYNAMIC_NO_PIC = NO;
				GCC_NO_COMMON_BLOCKS = YES;
				GCC_OPTIMIZATION_LEVEL = 0;
				GCC_PREPROCESSOR_DEFINITIONS = (
					"DEBUG=1",
					"$(inherited)",
				);
				GCC_WARN_64_TO_32_BIT_CONVERSION = YES;
				GCC_WARN_ABOUT_RETURN_TYPE = YES_ERROR;
				GCC_WARN_UNDECLARED_SELECTOR = YES;
				GCC_WARN_UNINITIALIZED_AUTOS = YES_AGGRESSIVE;
				GCC_WARN_UNUSED_FUNCTION = YES;
				GCC_WARN_UNUSED_VARIABLE = YES;
				IPHONEOS_DEPLOYMENT_TARGET = 10.3;
				MTL_ENABLE_DEBUG_INFO = YES;
				ONLY_ACTIVE_ARCH = YES;
				SDKROOT = iphoneos;
				SWIFT_ACTIVE_COMPILATION_CONDITIONS = DEBUG;
				SWIFT_OPTIMIZATION_LEVEL = "-Onone";
				TARGETED_DEVICE_FAMILY = "1,2";
			};
			name = Debug;
		};
		1D0084D71F7A653E0029038F /* Release */ = {
			isa = XCBuildConfiguration;
			buildSettings = {
				ALWAYS_SEARCH_USER_PATHS = NO;
				CLANG_ANALYZER_NONNULL = YES;
				CLANG_ANALYZER_NUMBER_OBJECT_CONVERSION = YES_AGGRESSIVE;
				CLANG_CXX_LANGUAGE_STANDARD = "gnu++0x";
				CLANG_CXX_LIBRARY = "libc++";
				CLANG_ENABLE_MODULES = YES;
				CLANG_ENABLE_OBJC_ARC = YES;
				CLANG_WARN_BOOL_CONVERSION = YES;
				CLANG_WARN_CONSTANT_CONVERSION = YES;
				CLANG_WARN_DIRECT_OBJC_ISA_USAGE = YES_ERROR;
				CLANG_WARN_DOCUMENTATION_COMMENTS = YES;
				CLANG_WARN_EMPTY_BODY = YES;
				CLANG_WARN_ENUM_CONVERSION = YES;
				CLANG_WARN_INFINITE_RECURSION = YES;
				CLANG_WARN_INT_CONVERSION = YES;
				CLANG_WARN_OBJC_ROOT_CLASS = YES_ERROR;
				CLANG_WARN_SUSPICIOUS_MOVE = YES;
				CLANG_WARN_UNREACHABLE_CODE = YES;
				CLANG_WARN__DUPLICATE_METHOD_MATCH = YES;
				"CODE_SIGN_IDENTITY[sdk=iphoneos*]" = "iPhone Developer";
				COPY_PHASE_STRIP = NO;
				DEBUG_INFORMATION_FORMAT = "dwarf-with-dsym";
				ENABLE_NS_ASSERTIONS = NO;
				ENABLE_STRICT_OBJC_MSGSEND = YES;
				GCC_C_LANGUAGE_STANDARD = gnu99;
				GCC_NO_COMMON_BLOCKS = YES;
				GCC_WARN_64_TO_32_BIT_CONVERSION = YES;
				GCC_WARN_ABOUT_RETURN_TYPE = YES_ERROR;
				GCC_WARN_UNDECLARED_SELECTOR = YES;
				GCC_WARN_UNINITIALIZED_AUTOS = YES_AGGRESSIVE;
				GCC_WARN_UNUSED_FUNCTION = YES;
				GCC_WARN_UNUSED_VARIABLE = YES;
				IPHONEOS_DEPLOYMENT_TARGET = 10.3;
				MTL_ENABLE_DEBUG_INFO = NO;
				SDKROOT = iphoneos;
				SWIFT_OPTIMIZATION_LEVEL = "-Owholemodule";
				TARGETED_DEVICE_FAMILY = "1,2";
				VALIDATE_PRODUCT = YES;
			};
			name = Release;
		};
		1D0084D91F7A653E0029038F /* Debug */ = {
			isa = XCBuildConfiguration;
			buildSettings = {
				ASSETCATALOG_COMPILER_APPICON_NAME = AppIcon;
				INFOPLIST_FILE = PitchPerfect/Info.plist;
				LD_RUNPATH_SEARCH_PATHS = "$(inherited) @executable_path/Frameworks";
				PRODUCT_BUNDLE_IDENTIFIER = com.Cloudouse.PitchPerfect;
				PRODUCT_NAME = "$(TARGET_NAME)";
				SWIFT_VERSION = 3.0;
			};
			name = Debug;
		};
		1D0084DA1F7A653E0029038F /* Release */ = {
			isa = XCBuildConfiguration;
			buildSettings = {
				ASSETCATALOG_COMPILER_APPICON_NAME = AppIcon;
				INFOPLIST_FILE = PitchPerfect/Info.plist;
				LD_RUNPATH_SEARCH_PATHS = "$(inherited) @executable_path/Frameworks";
				PRODUCT_BUNDLE_IDENTIFIER = com.Cloudouse.PitchPerfect;
				PRODUCT_NAME = "$(TARGET_NAME)";
				SWIFT_VERSION = 3.0;
			};
			name = Release;
		};
/* End XCBuildConfiguration section */

/* Begin XCConfigurationList section */
		1D0084C11F7A653E0029038F /* Build configuration list for PBXProject "PitchPerfect" */ = {
			isa = XCConfigurationList;
			buildConfigurations = (
				1D0084D61F7A653E0029038F /* Debug */,
				1D0084D71F7A653E0029038F /* Release */,
			);
			defaultConfigurationIsVisible = 0;
			defaultConfigurationName = Release;
		};
		1D0084D81F7A653E0029038F /* Build configuration list for PBXNativeTarget "PitchPerfect" */ = {
			isa = XCConfigurationList;
			buildConfigurations = (
				1D0084D91F7A653E0029038F /* Debug */,
				1D0084DA1F7A653E0029038F /* Release */,
			);
			defaultConfigurationIsVisible = 0;
			defaultConfigurationName = Release;
		};
/* End XCConfigurationList section */
	};
	rootObject = 1D0084BE1F7A653E0029038F /* Project object */;
}
